
Microsoft Visual Studio Solution File, Format Version 12.00
# Visual Studio Version 16
VisualStudioVersion = 16.0.31205.134
MinimumVisualStudioVersion = 10.0.40219.1
Project("{9A19103F-16F7-4668-BE54-9A1E7A4F7556}") = "eBiblioteka.WebAPI", "eBiblioteka.WebAPI\eBiblioteka.WebAPI.csproj", "{EF6BF0BB-E265-45EA-9875-F5FEAAAF78CE}"
EndProject
Project("{9A19103F-16F7-4668-BE54-9A1E7A4F7556}") = "eBiblioteka.Model", "eBiblioteka.Model\eBiblioteka.Model.csproj", "{96EBDF20-9F7D-445D-A2F9-4D04AB22B329}"
EndProject
Project("{FAE04EC0-301F-11D3-BF4B-00C04F79EFBC}") = "eBiblioteka.WinUI", "eBiblioteka.WinUI\eBiblioteka.WinUI.csproj", "{7C3B2D1E-A6C7-4017-B273-AB9D87A9384B}"
EndProject
Project("{2150E333-8FDC-42A3-9474-1A3956D46DE8}") = "eBiblioteka.MobileApp", "eBiblioteka.MobileApp", "{F3895787-8ED3-4AA2-A197-84E809FE09A4}"
EndProject
Project("{FAE04EC0-301F-11D3-BF4B-00C04F79EFBC}") = "eBiblioteka.Mobile.UWP", "eBiblioteka.Mobile\eBiblioteka.Mobile.UWP\eBiblioteka.Mobile.UWP.csproj", "{EEF6E293-D496-4019-B9EB-637DD6DC91A2}"
EndProject
Project("{FAE04EC0-301F-11D3-BF4B-00C04F79EFBC}") = "eBiblioteka.Mobile.Android", "eBiblioteka.Mobile\eBiblioteka.Mobile.Android\eBiblioteka.Mobile.Android.csproj", "{843DCEC9-E3AE-43B4-99FD-7FADE095859D}"
EndProject
Project("{FAE04EC0-301F-11D3-BF4B-00C04F79EFBC}") = "eBiblioteka.Mobile.iOS", "eBiblioteka.Mobile\eBiblioteka.Mobile.iOS\eBiblioteka.Mobile.iOS.csproj", "{C8589DB2-D1ED-4670-8E94-DAD4745AE7B9}"
EndProject
Project("{9A19103F-16F7-4668-BE54-9A1E7A4F7556}") = "eBiblioteka.Mobile", "eBiblioteka.Mobile\eBiblioteka.Mobile\eBiblioteka.Mobile.csproj", "{B7A3C780-5382-4F05-B4F7-D3D8191C9CD6}"
EndProject
Global
	GlobalSection(SolutionConfigurationPlatforms) = preSolution
		Debug|Any CPU = Debug|Any CPU
		Debug|ARM = Debug|ARM
		Debug|iPhone = Debug|iPhone
		Debug|iPhoneSimulator = Debug|iPhoneSimulator
		Debug|x64 = Debug|x64
		Debug|x86 = Debug|x86
		Release|Any CPU = Release|Any CPU
		Release|ARM = Release|ARM
		Release|iPhone = Release|iPhone
		Release|iPhoneSimulator = Release|iPhoneSimulator
		Release|x64 = Release|x64
		Release|x86 = Release|x86
	EndGlobalSection
	GlobalSection(ProjectConfigurationPlatforms) = postSolution
		{EF6BF0BB-E265-45EA-9875-F5FEAAAF78CE}.Debug|Any CPU.ActiveCfg = Debug|Any CPU
		{EF6BF0BB-E265-45EA-9875-F5FEAAAF78CE}.Debug|Any CPU.Build.0 = Debug|Any CPU
		{EF6BF0BB-E265-45EA-9875-F5FEAAAF78CE}.Debug|ARM.ActiveCfg = Debug|Any CPU
		{EF6BF0BB-E265-45EA-9875-F5FEAAAF78CE}.Debug|ARM.Build.0 = Debug|Any CPU
		{EF6BF0BB-E265-45EA-9875-F5FEAAAF78CE}.Debug|iPhone.ActiveCfg = Debug|Any CPU
		{EF6BF0BB-E265-45EA-9875-F5FEAAAF78CE}.Debug|iPhone.Build.0 = Debug|Any CPU
		{EF6BF0BB-E265-45EA-9875-F5FEAAAF78CE}.Debug|iPhoneSimulator.ActiveCfg = Debug|Any CPU
		{EF6BF0BB-E265-45EA-9875-F5FEAAAF78CE}.Debug|iPhoneSimulator.Build.0 = Debug|Any CPU
		{EF6BF0BB-E265-45EA-9875-F5FEAAAF78CE}.Debug|x64.ActiveCfg = Debug|Any CPU
		{EF6BF0BB-E265-45EA-9875-F5FEAAAF78CE}.Debug|x64.Build.0 = Debug|Any CPU
		{EF6BF0BB-E265-45EA-9875-F5FEAAAF78CE}.Debug|x86.ActiveCfg = Debug|Any CPU
		{EF6BF0BB-E265-45EA-9875-F5FEAAAF78CE}.Debug|x86.Build.0 = Debug|Any CPU
		{EF6BF0BB-E265-45EA-9875-F5FEAAAF78CE}.Release|Any CPU.ActiveCfg = Release|Any CPU
		{EF6BF0BB-E265-45EA-9875-F5FEAAAF78CE}.Release|Any CPU.Build.0 = Release|Any CPU
		{EF6BF0BB-E265-45EA-9875-F5FEAAAF78CE}.Release|ARM.ActiveCfg = Release|Any CPU
		{EF6BF0BB-E265-45EA-9875-F5FEAAAF78CE}.Release|ARM.Build.0 = Release|Any CPU
		{EF6BF0BB-E265-45EA-9875-F5FEAAAF78CE}.Release|iPhone.ActiveCfg = Release|Any CPU
		{EF6BF0BB-E265-45EA-9875-F5FEAAAF78CE}.Release|iPhone.Build.0 = Release|Any CPU
		{EF6BF0BB-E265-45EA-9875-F5FEAAAF78CE}.Release|iPhoneSimulator.ActiveCfg = Release|Any CPU
		{EF6BF0BB-E265-45EA-9875-F5FEAAAF78CE}.Release|iPhoneSimulator.Build.0 = Release|Any CPU
		{EF6BF0BB-E265-45EA-9875-F5FEAAAF78CE}.Release|x64.ActiveCfg = Release|Any CPU
		{EF6BF0BB-E265-45EA-9875-F5FEAAAF78CE}.Release|x64.Build.0 = Release|Any CPU
		{EF6BF0BB-E265-45EA-9875-F5FEAAAF78CE}.Release|x86.ActiveCfg = Release|Any CPU
		{EF6BF0BB-E265-45EA-9875-F5FEAAAF78CE}.Release|x86.Build.0 = Release|Any CPU
		{96EBDF20-9F7D-445D-A2F9-4D04AB22B329}.Debug|Any CPU.ActiveCfg = Debug|Any CPU
		{96EBDF20-9F7D-445D-A2F9-4D04AB22B329}.Debug|Any CPU.Build.0 = Debug|Any CPU
		{96EBDF20-9F7D-445D-A2F9-4D04AB22B329}.Debug|ARM.ActiveCfg = Debug|Any CPU
		{96EBDF20-9F7D-445D-A2F9-4D04AB22B329}.Debug|ARM.Build.0 = Debug|Any CPU
		{96EBDF20-9F7D-445D-A2F9-4D04AB22B329}.Debug|iPhone.ActiveCfg = Debug|Any CPU
		{96EBDF20-9F7D-445D-A2F9-4D04AB22B329}.Debug|iPhone.Build.0 = Debug|Any CPU
		{96EBDF20-9F7D-445D-A2F9-4D04AB22B329}.Debug|iPhoneSimulator.ActiveCfg = Debug|Any CPU
		{96EBDF20-9F7D-445D-A2F9-4D04AB22B329}.Debug|iPhoneSimulator.Build.0 = Debug|Any CPU
		{96EBDF20-9F7D-445D-A2F9-4D04AB22B329}.Debug|x64.ActiveCfg = Debug|Any CPU
		{96EBDF20-9F7D-445D-A2F9-4D04AB22B329}.Debug|x64.Build.0 = Debug|Any CPU
		{96EBDF20-9F7D-445D-A2F9-4D04AB22B329}.Debug|x86.ActiveCfg = Debug|Any CPU
		{96EBDF20-9F7D-445D-A2F9-4D04AB22B329}.Debug|x86.Build.0 = Debug|Any CPU
		{96EBDF20-9F7D-445D-A2F9-4D04AB22B329}.Release|Any CPU.ActiveCfg = Release|Any CPU
		{96EBDF20-9F7D-445D-A2F9-4D04AB22B329}.Release|Any CPU.Build.0 = Release|Any CPU
		{96EBDF20-9F7D-445D-A2F9-4D04AB22B329}.Release|ARM.ActiveCfg = Release|Any CPU
		{96EBDF20-9F7D-445D-A2F9-4D04AB22B329}.Release|ARM.Build.0 = Release|Any CPU
		{96EBDF20-9F7D-445D-A2F9-4D04AB22B329}.Release|iPhone.ActiveCfg = Release|Any CPU
		{96EBDF20-9F7D-445D-A2F9-4D04AB22B329}.Release|iPhone.Build.0 = Release|Any CPU
		{96EBDF20-9F7D-445D-A2F9-4D04AB22B329}.Release|iPhoneSimulator.ActiveCfg = Release|Any CPU
		{96EBDF20-9F7D-445D-A2F9-4D04AB22B329}.Release|iPhoneSimulator.Build.0 = Release|Any CPU
		{96EBDF20-9F7D-445D-A2F9-4D04AB22B329}.Release|x64.ActiveCfg = Release|Any CPU
		{96EBDF20-9F7D-445D-A2F9-4D04AB22B329}.Release|x64.Build.0 = Release|Any CPU
		{96EBDF20-9F7D-445D-A2F9-4D04AB22B329}.Release|x86.ActiveCfg = Release|Any CPU
		{96EBDF20-9F7D-445D-A2F9-4D04AB22B329}.Release|x86.Build.0 = Release|Any CPU
		{7C3B2D1E-A6C7-4017-B273-AB9D87A9384B}.Debug|Any CPU.ActiveCfg = Debug|Any CPU
		{7C3B2D1E-A6C7-4017-B273-AB9D87A9384B}.Debug|Any CPU.Build.0 = Debug|Any CPU
		{7C3B2D1E-A6C7-4017-B273-AB9D87A9384B}.Debug|ARM.ActiveCfg = Debug|Any CPU
		{7C3B2D1E-A6C7-4017-B273-AB9D87A9384B}.Debug|ARM.Build.0 = Debug|Any CPU
		{7C3B2D1E-A6C7-4017-B273-AB9D87A9384B}.Debug|iPhone.ActiveCfg = Debug|Any CPU
		{7C3B2D1E-A6C7-4017-B273-AB9D87A9384B}.Debug|iPhone.Build.0 = Debug|Any CPU
		{7C3B2D1E-A6C7-4017-B273-AB9D87A9384B}.Debug|iPhoneSimulator.ActiveCfg = Debug|Any CPU
		{7C3B2D1E-A6C7-4017-B273-AB9D87A9384B}.Debug|iPhoneSimulator.Build.0 = Debug|Any CPU
		{7C3B2D1E-A6C7-4017-B273-AB9D87A9384B}.Debug|x64.ActiveCfg = Debug|Any CPU
		{7C3B2D1E-A6C7-4017-B273-AB9D87A9384B}.Debug|x64.Build.0 = Debug|Any CPU
		{7C3B2D1E-A6C7-4017-B273-AB9D87A9384B}.Debug|x86.ActiveCfg = Debug|Any CPU
		{7C3B2D1E-A6C7-4017-B273-AB9D87A9384B}.Debug|x86.Build.0 = Debug|Any CPU
		{7C3B2D1E-A6C7-4017-B273-AB9D87A9384B}.Release|Any CPU.ActiveCfg = Release|Any CPU
		{7C3B2D1E-A6C7-4017-B273-AB9D87A9384B}.Release|Any CPU.Build.0 = Release|Any CPU
		{7C3B2D1E-A6C7-4017-B273-AB9D87A9384B}.Release|ARM.ActiveCfg = Release|Any CPU
		{7C3B2D1E-A6C7-4017-B273-AB9D87A9384B}.Release|ARM.Build.0 = Release|Any CPU
		{7C3B2D1E-A6C7-4017-B273-AB9D87A9384B}.Release|iPhone.ActiveCfg = Release|Any CPU
		{7C3B2D1E-A6C7-4017-B273-AB9D87A9384B}.Release|iPhone.Build.0 = Release|Any CPU
		{7C3B2D1E-A6C7-4017-B273-AB9D87A9384B}.Release|iPhoneSimulator.ActiveCfg = Release|Any CPU
		{7C3B2D1E-A6C7-4017-B273-AB9D87A9384B}.Release|iPhoneSimulator.Build.0 = Release|Any CPU
		{7C3B2D1E-A6C7-4017-B273-AB9D87A9384B}.Release|x64.ActiveCfg = Release|Any CPU
		{7C3B2D1E-A6C7-4017-B273-AB9D87A9384B}.Release|x64.Build.0 = Release|Any CPU
		{7C3B2D1E-A6C7-4017-B273-AB9D87A9384B}.Release|x86.ActiveCfg = Release|Any CPU
		{7C3B2D1E-A6C7-4017-B273-AB9D87A9384B}.Release|x86.Build.0 = Release|Any CPU
		{EEF6E293-D496-4019-B9EB-637DD6DC91A2}.Debug|Any CPU.ActiveCfg = Debug|x86
		{EEF6E293-D496-4019-B9EB-637DD6DC91A2}.Debug|Any CPU.Build.0 = Debug|x86
		{EEF6E293-D496-4019-B9EB-637DD6DC91A2}.Debug|Any CPU.Deploy.0 = Debug|x86
		{EEF6E293-D496-4019-B9EB-637DD6DC91A2}.Debug|ARM.ActiveCfg = Debug|ARM
		{EEF6E293-D496-4019-B9EB-637DD6DC91A2}.Debug|ARM.Build.0 = Debug|ARM
		{EEF6E293-D496-4019-B9EB-637DD6DC91A2}.Debug|ARM.Deploy.0 = Debug|ARM
		{EEF6E293-D496-4019-B9EB-637DD6DC91A2}.Debug|iPhone.ActiveCfg = Debug|x86
		{EEF6E293-D496-4019-B9EB-637DD6DC91A2}.Debug|iPhoneSimulator.ActiveCfg = Debug|x86
		{EEF6E293-D496-4019-B9EB-637DD6DC91A2}.Debug|x64.ActiveCfg = Debug|x64
		{EEF6E293-D496-4019-B9EB-637DD6DC91A2}.Debug|x64.Build.0 = Debug|x64
		{EEF6E293-D496-4019-B9EB-637DD6DC91A2}.Debug|x64.Deploy.0 = Debug|x64
		{EEF6E293-D496-4019-B9EB-637DD6DC91A2}.Debug|x86.ActiveCfg = Debug|x86
		{EEF6E293-D496-4019-B9EB-637DD6DC91A2}.Debug|x86.Build.0 = Debug|x86
		{EEF6E293-D496-4019-B9EB-637DD6DC91A2}.Debug|x86.Deploy.0 = Debug|x86
		{EEF6E293-D496-4019-B9EB-637DD6DC91A2}.Release|Any CPU.ActiveCfg = Release|x86
		{EEF6E293-D496-4019-B9EB-637DD6DC91A2}.Release|ARM.ActiveCfg = Release|ARM
		{EEF6E293-D496-4019-B9EB-637DD6DC91A2}.Release|ARM.Build.0 = Release|ARM
		{EEF6E293-D496-4019-B9EB-637DD6DC91A2}.Release|ARM.Deploy.0 = Release|ARM
		{EEF6E293-D496-4019-B9EB-637DD6DC91A2}.Release|iPhone.ActiveCfg = Release|x86
		{EEF6E293-D496-4019-B9EB-637DD6DC91A2}.Release|iPhoneSimulator.ActiveCfg = Release|x86
		{EEF6E293-D496-4019-B9EB-637DD6DC91A2}.Release|x64.ActiveCfg = Release|x64
		{EEF6E293-D496-4019-B9EB-637DD6DC91A2}.Release|x64.Build.0 = Release|x64
		{EEF6E293-D496-4019-B9EB-637DD6DC91A2}.Release|x64.Deploy.0 = Release|x64
		{EEF6E293-D496-4019-B9EB-637DD6DC91A2}.Release|x86.ActiveCfg = Release|x86
		{EEF6E293-D496-4019-B9EB-637DD6DC91A2}.Release|x86.Build.0 = Release|x86
		{EEF6E293-D496-4019-B9EB-637DD6DC91A2}.Release|x86.Deploy.0 = Release|x86
		{843DCEC9-E3AE-43B4-99FD-7FADE095859D}.Debug|Any CPU.ActiveCfg = Debug|Any CPU
		{843DCEC9-E3AE-43B4-99FD-7FADE095859D}.Debug|ARM.ActiveCfg = Debug|Any CPU
		{843DCEC9-E3AE-43B4-99FD-7FADE095859D}.Debug|ARM.Build.0 = Debug|Any CPU
		{843DCEC9-E3AE-43B4-99FD-7FADE095859D}.Debug|ARM.Deploy.0 = Debug|Any CPU
		{843DCEC9-E3AE-43B4-99FD-7FADE095859D}.Debug|iPhone.ActiveCfg = Debug|Any CPU
		{843DCEC9-E3AE-43B4-99FD-7FADE095859D}.Debug|iPhone.Build.0 = Debug|Any CPU
		{843DCEC9-E3AE-43B4-99FD-7FADE095859D}.Debug|iPhone.Deploy.0 = Debug|Any CPU
		{843DCEC9-E3AE-43B4-99FD-7FADE095859D}.Debug|iPhoneSimulator.ActiveCfg = Debug|Any CPU
		{843DCEC9-E3AE-43B4-99FD-7FADE095859D}.Debug|iPhoneSimulator.Build.0 = Debug|Any CPU
		{843DCEC9-E3AE-43B4-99FD-7FADE095859D}.Debug|iPhoneSimulator.Deploy.0 = Debug|Any CPU
		{843DCEC9-E3AE-43B4-99FD-7FADE095859D}.Debug|x64.ActiveCfg = Debug|Any CPU
		{843DCEC9-E3AE-43B4-99FD-7FADE095859D}.Debug|x64.Build.0 = Debug|Any CPU
		{843DCEC9-E3AE-43B4-99FD-7FADE095859D}.Debug|x64.Deploy.0 = Debug|Any CPU
		{843DCEC9-E3AE-43B4-99FD-7FADE095859D}.Debug|x86.ActiveCfg = Debug|Any CPU
		{843DCEC9-E3AE-43B4-99FD-7FADE095859D}.Debug|x86.Build.0 = Debug|Any CPU
		{843DCEC9-E3AE-43B4-99FD-7FADE095859D}.Debug|x86.Deploy.0 = Debug|Any CPU
		{843DCEC9-E3AE-43B4-99FD-7FADE095859D}.Release|Any CPU.ActiveCfg = Release|Any CPU
		{843DCEC9-E3AE-43B4-99FD-7FADE095859D}.Release|Any CPU.Build.0 = Release|Any CPU
		{843DCEC9-E3AE-43B4-99FD-7FADE095859D}.Release|Any CPU.Deploy.0 = Release|Any CPU
		{843DCEC9-E3AE-43B4-99FD-7FADE095859D}.Release|ARM.ActiveCfg = Release|Any CPU
		{843DCEC9-E3AE-43B4-99FD-7FADE095859D}.Release|ARM.Build.0 = Release|Any CPU
		{843DCEC9-E3AE-43B4-99FD-7FADE095859D}.Release|ARM.Deploy.0 = Release|Any CPU
		{843DCEC9-E3AE-43B4-99FD-7FADE095859D}.Release|iPhone.ActiveCfg = Release|Any CPU
		{843DCEC9-E3AE-43B4-99FD-7FADE095859D}.Release|iPhone.Build.0 = Release|Any CPU
		{843DCEC9-E3AE-43B4-99FD-7FADE095859D}.Release|iPhone.Deploy.0 = Release|Any CPU
		{843DCEC9-E3AE-43B4-99FD-7FADE095859D}.Release|iPhoneSimulator.ActiveCfg = Release|Any CPU
		{843DCEC9-E3AE-43B4-99FD-7FADE095859D}.Release|iPhoneSimulator.Build.0 = Release|Any CPU
		{843DCEC9-E3AE-43B4-99FD-7FADE095859D}.Release|iPhoneSimulator.Deploy.0 = Release|Any CPU
		{843DCEC9-E3AE-43B4-99FD-7FADE095859D}.Release|x64.ActiveCfg = Release|Any CPU
		{843DCEC9-E3AE-43B4-99FD-7FADE095859D}.Release|x64.Build.0 = Release|Any CPU
		{843DCEC9-E3AE-43B4-99FD-7FADE095859D}.Release|x64.Deploy.0 = Release|Any CPU
		{843DCEC9-E3AE-43B4-99FD-7FADE095859D}.Release|x86.ActiveCfg = Release|Any CPU
		{843DCEC9-E3AE-43B4-99FD-7FADE095859D}.Release|x86.Build.0 = Release|Any CPU
		{843DCEC9-E3AE-43B4-99FD-7FADE095859D}.Release|x86.Deploy.0 = Release|Any CPU
		{C8589DB2-D1ED-4670-8E94-DAD4745AE7B9}.Debug|Any CPU.ActiveCfg = Debug|iPhoneSimulator
		{C8589DB2-D1ED-4670-8E94-DAD4745AE7B9}.Debug|ARM.ActiveCfg = Debug|iPhoneSimulator
		{C8589DB2-D1ED-4670-8E94-DAD4745AE7B9}.Debug|iPhone.ActiveCfg = Debug|iPhone
		{C8589DB2-D1ED-4670-8E94-DAD4745AE7B9}.Debug|iPhone.Build.0 = Debug|iPhone
		{C8589DB2-D1ED-4670-8E94-DAD4745AE7B9}.Debug|iPhoneSimulator.ActiveCfg = Debug|iPhoneSimulator
		{C8589DB2-D1ED-4670-8E94-DAD4745AE7B9}.Debug|iPhoneSimulator.Build.0 = Debug|iPhoneSimulator
		{C8589DB2-D1ED-4670-8E94-DAD4745AE7B9}.Debug|x64.ActiveCfg = Debug|iPhoneSimulator
		{C8589DB2-D1ED-4670-8E94-DAD4745AE7B9}.Debug|x86.ActiveCfg = Debug|iPhoneSimulator
		{C8589DB2-D1ED-4670-8E94-DAD4745AE7B9}.Release|Any CPU.ActiveCfg = Release|iPhoneSimulator
		{C8589DB2-D1ED-4670-8E94-DAD4745AE7B9}.Release|ARM.ActiveCfg = Release|iPhoneSimulator
		{C8589DB2-D1ED-4670-8E94-DAD4745AE7B9}.Release|iPhone.ActiveCfg = Release|iPhone
		{C8589DB2-D1ED-4670-8E94-DAD4745AE7B9}.Release|iPhone.Build.0 = Release|iPhone
		{C8589DB2-D1ED-4670-8E94-DAD4745AE7B9}.Release|iPhoneSimulator.ActiveCfg = Release|iPhoneSimulator
		{C8589DB2-D1ED-4670-8E94-DAD4745AE7B9}.Release|iPhoneSimulator.Build.0 = Release|iPhoneSimulator
		{C8589DB2-D1ED-4670-8E94-DAD4745AE7B9}.Release|x64.ActiveCfg = Release|iPhoneSimulator
		{C8589DB2-D1ED-4670-8E94-DAD4745AE7B9}.Release|x86.ActiveCfg = Release|iPhoneSimulator
		{B7A3C780-5382-4F05-B4F7-D3D8191C9CD6}.Debug|Any CPU.ActiveCfg = Debug|Any CPU
		{B7A3C780-5382-4F05-B4F7-D3D8191C9CD6}.Debug|Any CPU.Build.0 = Debug|Any CPU
		{B7A3C780-5382-4F05-B4F7-D3D8191C9CD6}.Debug|ARM.ActiveCfg = Debug|Any CPU
		{B7A3C780-5382-4F05-B4F7-D3D8191C9CD6}.Debug|ARM.Build.0 = Debug|Any CPU
		{B7A3C780-5382-4F05-B4F7-D3D8191C9CD6}.Debug|iPhone.ActiveCfg = Debug|Any CPU
		{B7A3C780-5382-4F05-B4F7-D3D8191C9CD6}.Debug|iPhone.Build.0 = Debug|Any CPU
		{B7A3C780-5382-4F05-B4F7-D3D8191C9CD6}.Debug|iPhoneSimulator.ActiveCfg = Debug|Any CPU
		{B7A3C780-5382-4F05-B4F7-D3D8191C9CD6}.Debug|iPhoneSimulator.Build.0 = Debug|Any CPU
		{B7A3C780-5382-4F05-B4F7-D3D8191C9CD6}.Debug|x64.ActiveCfg = Debug|Any CPU
		{B7A3C780-5382-4F05-B4F7-D3D8191C9CD6}.Debug|x64.Build.0 = Debug|Any CPU
		{B7A3C780-5382-4F05-B4F7-D3D8191C9CD6}.Debug|x86.ActiveCfg = Debug|Any CPU
		{B7A3C780-5382-4F05-B4F7-D3D8191C9CD6}.Debug|x86.Build.0 = Debug|Any CPU
		{B7A3C780-5382-4F05-B4F7-D3D8191C9CD6}.Release|Any CPU.ActiveCfg = Release|Any CPU
		{B7A3C780-5382-4F05-B4F7-D3D8191C9CD6}.Release|Any CPU.Build.0 = Release|Any CPU
		{B7A3C780-5382-4F05-B4F7-D3D8191C9CD6}.Release|ARM.ActiveCfg = Release|Any CPU
		{B7A3C780-5382-4F05-B4F7-D3D8191C9CD6}.Release|ARM.Build.0 = Release|Any CPU
		{B7A3C780-5382-4F05-B4F7-D3D8191C9CD6}.Release|iPhone.ActiveCfg = Release|Any CPU
		{B7A3C780-5382-4F05-B4F7-D3D8191C9CD6}.Release|iPhone.Build.0 = Release|Any CPU
		{B7A3C780-5382-4F05-B4F7-D3D8191C9CD6}.Release|iPhoneSimulator.ActiveCfg = Release|Any CPU
		{B7A3C780-5382-4F05-B4F7-D3D8191C9CD6}.Release|iPhoneSimulator.Build.0 = Release|Any CPU
		{B7A3C780-5382-4F05-B4F7-D3D8191C9CD6}.Release|x64.ActiveCfg = Release|Any CPU
		{B7A3C780-5382-4F05-B4F7-D3D8191C9CD6}.Release|x64.Build.0 = Release|Any CPU
		{B7A3C780-5382-4F05-B4F7-D3D8191C9CD6}.Release|x86.ActiveCfg = Release|Any CPU
		{B7A3C780-5382-4F05-B4F7-D3D8191C9CD6}.Release|x86.Build.0 = Release|Any CPU
	EndGlobalSection
	GlobalSection(SolutionProperties) = preSolution
		HideSolutionNode = FALSE
	EndGlobalSection
	GlobalSection(NestedProjects) = preSolution
		{EEF6E293-D496-4019-B9EB-637DD6DC91A2} = {F3895787-8ED3-4AA2-A197-84E809FE09A4}
		{843DCEC9-E3AE-43B4-99FD-7FADE095859D} = {F3895787-8ED3-4AA2-A197-84E809FE09A4}
		{C8589DB2-D1ED-4670-8E94-DAD4745AE7B9} = {F3895787-8ED3-4AA2-A197-84E809FE09A4}
		{B7A3C780-5382-4F05-B4F7-D3D8191C9CD6} = {F3895787-8ED3-4AA2-A197-84E809FE09A4}
	EndGlobalSection
	GlobalSection(ExtensibilityGlobals) = postSolution
		SolutionGuid = {04F334BB-4261-4766-9F03-3549E05077FA}
	EndGlobalSection
EndGlobal
